// !$*UTF8*$!
{
	archiveVersion = 1;
	classes = {
	};
	objectVersion = 56;
	objects = {

/* Begin PBXBuildFile section */
		EC352C4D2A9B6E790097E837 /* AppDelegate.swift in Sources */ = {isa = PBXBuildFile; fileRef = EC352C4C2A9B6E790097E837 /* AppDelegate.swift */; };
		EC352C4F2A9B6E790097E837 /* SceneDelegate.swift in Sources */ = {isa = PBXBuildFile; fileRef = EC352C4E2A9B6E790097E837 /* SceneDelegate.swift */; };
		EC352C512A9B6E790097E837 /* HomeVC.swift in Sources */ = {isa = PBXBuildFile; fileRef = EC352C502A9B6E790097E837 /* HomeVC.swift */; };
		EC352C562A9B6E7A0097E837 /* Assets.xcassets in Resources */ = {isa = PBXBuildFile; fileRef = EC352C552A9B6E7A0097E837 /* Assets.xcassets */; };
		EC352C592A9B6E7A0097E837 /* LaunchScreen.storyboard in Resources */ = {isa = PBXBuildFile; fileRef = EC352C572A9B6E7A0097E837 /* LaunchScreen.storyboard */; };
		EC352C692A9B720D0097E837 /* TabBarVC.swift in Sources */ = {isa = PBXBuildFile; fileRef = EC352C682A9B720D0097E837 /* TabBarVC.swift */; };
		EC352C6C2A9B72E00097E837 /* SearchVC.swift in Sources */ = {isa = PBXBuildFile; fileRef = EC352C6B2A9B72E00097E837 /* SearchVC.swift */; };
		EC352C6E2A9B72EA0097E837 /* LibraryVC.swift in Sources */ = {isa = PBXBuildFile; fileRef = EC352C6D2A9B72EA0097E837 /* LibraryVC.swift */; };
		EC352C712A9B83E60097E837 /* AuthVC.swift in Sources */ = {isa = PBXBuildFile; fileRef = EC352C702A9B83E60097E837 /* AuthVC.swift */; };
		EC352C732A9B83F70097E837 /* WelcomeVC.swift in Sources */ = {isa = PBXBuildFile; fileRef = EC352C722A9B83F70097E837 /* WelcomeVC.swift */; };
		EC352C752A9B84330097E837 /* SettingsVC.swift in Sources */ = {isa = PBXBuildFile; fileRef = EC352C742A9B84330097E837 /* SettingsVC.swift */; };
		EC352C772A9B86AB0097E837 /* PlayerVC.swift in Sources */ = {isa = PBXBuildFile; fileRef = EC352C762A9B86AB0097E837 /* PlayerVC.swift */; };
		EC352C792A9B86BB0097E837 /* PlaylistVC.swift in Sources */ = {isa = PBXBuildFile; fileRef = EC352C782A9B86BB0097E837 /* PlaylistVC.swift */; };
		EC352C7B2A9B86DD0097E837 /* SearchResultVC.swift in Sources */ = {isa = PBXBuildFile; fileRef = EC352C7A2A9B86DD0097E837 /* SearchResultVC.swift */; };
		EC352C7D2A9B889B0097E837 /* AuthManager.swift in Sources */ = {isa = PBXBuildFile; fileRef = EC352C7C2A9B889B0097E837 /* AuthManager.swift */; };
		EC352C7F2A9B88A20097E837 /* APICaller.swift in Sources */ = {isa = PBXBuildFile; fileRef = EC352C7E2A9B88A20097E837 /* APICaller.swift */; };
		EC352C812A9B88B60097E837 /* HapticsManager.swift in Sources */ = {isa = PBXBuildFile; fileRef = EC352C802A9B88B60097E837 /* HapticsManager.swift */; };
		EC352C832A9B88D80097E837 /* Playlist.swift in Sources */ = {isa = PBXBuildFile; fileRef = EC352C822A9B88D80097E837 /* Playlist.swift */; };
		EC352C852A9B88E50097E837 /* AudioTrack.swift in Sources */ = {isa = PBXBuildFile; fileRef = EC352C842A9B88E50097E837 /* AudioTrack.swift */; };
		EC352C872A9B88F30097E837 /* Artist.swift in Sources */ = {isa = PBXBuildFile; fileRef = EC352C862A9B88F30097E837 /* Artist.swift */; };
		EC352C892A9B89030097E837 /* UserProfile.swift in Sources */ = {isa = PBXBuildFile; fileRef = EC352C882A9B89030097E837 /* UserProfile.swift */; };
		EC352C8C2A9BBC6C0097E837 /* SnapKit in Frameworks */ = {isa = PBXBuildFile; productRef = EC352C8B2A9BBC6C0097E837 /* SnapKit */; };
		EC352C8E2A9C78E70097E837 /* AuthResponse.swift in Sources */ = {isa = PBXBuildFile; fileRef = EC352C8D2A9C78E70097E837 /* AuthResponse.swift */; };
		EC352C922A9C80040097E837 /* AlertVC .swift in Sources */ = {isa = PBXBuildFile; fileRef = EC352C912A9C80040097E837 /* AlertVC .swift */; };
		EC352C942A9DC03E0097E837 /* CustomError.swift in Sources */ = {isa = PBXBuildFile; fileRef = EC352C932A9DC03E0097E837 /* CustomError.swift */; };
		EC352C992A9DCD180097E837 /* Constant.swift in Sources */ = {isa = PBXBuildFile; fileRef = EC352C982A9DCD180097E837 /* Constant.swift */; };
		EC352C9B2A9DD2390097E837 /* ProfileVC.swift in Sources */ = {isa = PBXBuildFile; fileRef = EC352C9A2A9DD2390097E837 /* ProfileVC.swift */; };
		EC352C9D2A9E38490097E837 /* SettingsModel.swift in Sources */ = {isa = PBXBuildFile; fileRef = EC352C9C2A9E38490097E837 /* SettingsModel.swift */; };
		EC352CA12A9E6EEF0097E837 /* TitleLabel.swift in Sources */ = {isa = PBXBuildFile; fileRef = EC352CA02A9E6EEF0097E837 /* TitleLabel.swift */; };
		EC352CA32A9E6F360097E837 /* BodyLabel.swift in Sources */ = {isa = PBXBuildFile; fileRef = EC352CA22A9E6F360097E837 /* BodyLabel.swift */; };
		EC352CA62A9E9D620097E837 /* Kingfisher in Frameworks */ = {isa = PBXBuildFile; productRef = EC352CA52A9E9D620097E837 /* Kingfisher */; };
		EC352CA82A9F44880097E837 /* NewReleasesResponse.swift in Sources */ = {isa = PBXBuildFile; fileRef = EC352CA72A9F44880097E837 /* NewReleasesResponse.swift */; };
		EC352CAA2A9F73D70097E837 /* FeaturedPlaylistsResponse.swift in Sources */ = {isa = PBXBuildFile; fileRef = EC352CA92A9F73D70097E837 /* FeaturedPlaylistsResponse.swift */; };
		EC352CAC2A9F84820097E837 /* RecommendedGenresResponse.swift in Sources */ = {isa = PBXBuildFile; fileRef = EC352CAB2A9F84820097E837 /* RecommendedGenresResponse.swift */; };
		EC352CAE2A9F8EF50097E837 /* RecommendationsResponse.swift in Sources */ = {isa = PBXBuildFile; fileRef = EC352CAD2A9F8EF50097E837 /* RecommendationsResponse.swift */; };
		EC352CB12A9FC5A80097E837 /* Lottie in Frameworks */ = {isa = PBXBuildFile; productRef = EC352CB02A9FC5A80097E837 /* Lottie */; };
		EC352CB32A9FD18A0097E837 /* animation_lly4ylod.json in Resources */ = {isa = PBXBuildFile; fileRef = EC352CB22A9FD18A0097E837 /* animation_lly4ylod.json */; };
		EC5F90A82AA09956009B2BF2 /* NewReleasesCollectionViewCell.swift in Sources */ = {isa = PBXBuildFile; fileRef = EC5F90A72AA09956009B2BF2 /* NewReleasesCollectionViewCell.swift */; };
		EC5F90AA2AA09D45009B2BF2 /* FeaturedPlaylistCollectionViewCell.swift in Sources */ = {isa = PBXBuildFile; fileRef = EC5F90A92AA09D45009B2BF2 /* FeaturedPlaylistCollectionViewCell.swift */; };
		EC5F90AC2AA09D4E009B2BF2 /* RecommendedTrackCollectionViewCell.swift in Sources */ = {isa = PBXBuildFile; fileRef = EC5F90AB2AA09D4E009B2BF2 /* RecommendedTrackCollectionViewCell.swift */; };
		EC5F90AE2AA0B2FC009B2BF2 /* NewReleasesCellViewModel.swift in Sources */ = {isa = PBXBuildFile; fileRef = EC5F90AD2AA0B2FC009B2BF2 /* NewReleasesCellViewModel.swift */; };
		EC5F91082AA27984009B2BF2 /* FeaturedPlaylistCellViewModel.swift in Sources */ = {isa = PBXBuildFile; fileRef = EC5F91072AA27983009B2BF2 /* FeaturedPlaylistCellViewModel.swift */; };
		EC5F910A2AA31272009B2BF2 /* RecommendedTrackCellViewModel.swift in Sources */ = {isa = PBXBuildFile; fileRef = EC5F91092AA31272009B2BF2 /* RecommendedTrackCellViewModel.swift */; };
		EC5F910C2AA31A50009B2BF2 /* UIHelper.swift in Sources */ = {isa = PBXBuildFile; fileRef = EC5F910B2AA31A50009B2BF2 /* UIHelper.swift */; };
		EC5F910F2AA3DACD009B2BF2 /* UIView+Ext.swift in Sources */ = {isa = PBXBuildFile; fileRef = EC5F910E2AA3DACD009B2BF2 /* UIView+Ext.swift */; };
		EC5F91112AA9A2D5009B2BF2 /* Album.swift in Sources */ = {isa = PBXBuildFile; fileRef = EC5F91102AA9A2D5009B2BF2 /* Album.swift */; };
		EC5F91132AA9A32B009B2BF2 /* AlbumVC.swift in Sources */ = {isa = PBXBuildFile; fileRef = EC5F91122AA9A32B009B2BF2 /* AlbumVC.swift */; };
		EC5F91152AA9C78D009B2BF2 /* AlbumDetailsResponse.swift in Sources */ = {isa = PBXBuildFile; fileRef = EC5F91142AA9C78D009B2BF2 /* AlbumDetailsResponse.swift */; };
		EC5F91182AAA033B009B2BF2 /* IQKeyboardManagerSwift in Frameworks */ = {isa = PBXBuildFile; productRef = EC5F91172AAA033B009B2BF2 /* IQKeyboardManagerSwift */; };
		EC5F911A2AAA1FC8009B2BF2 /* PlaylistDetailsResponse.swift in Sources */ = {isa = PBXBuildFile; fileRef = EC5F91192AAA1FC8009B2BF2 /* PlaylistDetailsResponse.swift */; };
		EC5F911C2AAB45BB009B2BF2 /* PlaylistHeaderCollectionReusableView.swift in Sources */ = {isa = PBXBuildFile; fileRef = EC5F911B2AAB45BB009B2BF2 /* PlaylistHeaderCollectionReusableView.swift */; };
		EC5F911E2AAB6A22009B2BF2 /* PlaylistHeaderViewViewModel.swift in Sources */ = {isa = PBXBuildFile; fileRef = EC5F911D2AAB6A22009B2BF2 /* PlaylistHeaderViewViewModel.swift */; };
		EC5F91202AAC4A27009B2BF2 /* TitleHeaderCollectionReusableView.swift in Sources */ = {isa = PBXBuildFile; fileRef = EC5F911F2AAC4A27009B2BF2 /* TitleHeaderCollectionReusableView.swift */; };
/* End PBXBuildFile section */

/* Begin PBXFileReference section */
		EC352C492A9B6E790097E837 /* Spotify.app */ = {isa = PBXFileReference; explicitFileType = wrapper.application; includeInIndex = 0; path = Spotify.app; sourceTree = BUILT_PRODUCTS_DIR; };
		EC352C4C2A9B6E790097E837 /* AppDelegate.swift */ = {isa = PBXFileReference; lastKnownFileType = sourcecode.swift; path = AppDelegate.swift; sourceTree = "<group>"; };
		EC352C4E2A9B6E790097E837 /* SceneDelegate.swift */ = {isa = PBXFileReference; lastKnownFileType = sourcecode.swift; path = SceneDelegate.swift; sourceTree = "<group>"; };
		EC352C502A9B6E790097E837 /* HomeVC.swift */ = {isa = PBXFileReference; lastKnownFileType = sourcecode.swift; path = HomeVC.swift; sourceTree = "<group>"; };
		EC352C552A9B6E7A0097E837 /* Assets.xcassets */ = {isa = PBXFileReference; lastKnownFileType = folder.assetcatalog; path = Assets.xcassets; sourceTree = "<group>"; };
		EC352C582A9B6E7A0097E837 /* Base */ = {isa = PBXFileReference; lastKnownFileType = file.storyboard; name = Base; path = Base.lproj/LaunchScreen.storyboard; sourceTree = "<group>"; };
		EC352C5A2A9B6E7A0097E837 /* Info.plist */ = {isa = PBXFileReference; lastKnownFileType = text.plist.xml; path = Info.plist; sourceTree = "<group>"; };
		EC352C682A9B720D0097E837 /* TabBarVC.swift */ = {isa = PBXFileReference; lastKnownFileType = sourcecode.swift; path = TabBarVC.swift; sourceTree = "<group>"; };
		EC352C6B2A9B72E00097E837 /* SearchVC.swift */ = {isa = PBXFileReference; lastKnownFileType = sourcecode.swift; path = SearchVC.swift; sourceTree = "<group>"; };
		EC352C6D2A9B72EA0097E837 /* LibraryVC.swift */ = {isa = PBXFileReference; lastKnownFileType = sourcecode.swift; path = LibraryVC.swift; sourceTree = "<group>"; };
		EC352C702A9B83E60097E837 /* AuthVC.swift */ = {isa = PBXFileReference; lastKnownFileType = sourcecode.swift; path = AuthVC.swift; sourceTree = "<group>"; };
		EC352C722A9B83F70097E837 /* WelcomeVC.swift */ = {isa = PBXFileReference; lastKnownFileType = sourcecode.swift; path = WelcomeVC.swift; sourceTree = "<group>"; };
		EC352C742A9B84330097E837 /* SettingsVC.swift */ = {isa = PBXFileReference; lastKnownFileType = sourcecode.swift; path = SettingsVC.swift; sourceTree = "<group>"; };
		EC352C762A9B86AB0097E837 /* PlayerVC.swift */ = {isa = PBXFileReference; lastKnownFileType = sourcecode.swift; path = PlayerVC.swift; sourceTree = "<group>"; };
		EC352C782A9B86BB0097E837 /* PlaylistVC.swift */ = {isa = PBXFileReference; lastKnownFileType = sourcecode.swift; path = PlaylistVC.swift; sourceTree = "<group>"; };
		EC352C7A2A9B86DD0097E837 /* SearchResultVC.swift */ = {isa = PBXFileReference; lastKnownFileType = sourcecode.swift; path = SearchResultVC.swift; sourceTree = "<group>"; };
		EC352C7C2A9B889B0097E837 /* AuthManager.swift */ = {isa = PBXFileReference; lastKnownFileType = sourcecode.swift; path = AuthManager.swift; sourceTree = "<group>"; };
		EC352C7E2A9B88A20097E837 /* APICaller.swift */ = {isa = PBXFileReference; lastKnownFileType = sourcecode.swift; path = APICaller.swift; sourceTree = "<group>"; };
		EC352C802A9B88B60097E837 /* HapticsManager.swift */ = {isa = PBXFileReference; lastKnownFileType = sourcecode.swift; path = HapticsManager.swift; sourceTree = "<group>"; };
		EC352C822A9B88D80097E837 /* Playlist.swift */ = {isa = PBXFileReference; lastKnownFileType = sourcecode.swift; path = Playlist.swift; sourceTree = "<group>"; };
		EC352C842A9B88E50097E837 /* AudioTrack.swift */ = {isa = PBXFileReference; lastKnownFileType = sourcecode.swift; path = AudioTrack.swift; sourceTree = "<group>"; };
		EC352C862A9B88F30097E837 /* Artist.swift */ = {isa = PBXFileReference; lastKnownFileType = sourcecode.swift; path = Artist.swift; sourceTree = "<group>"; };
		EC352C882A9B89030097E837 /* UserProfile.swift */ = {isa = PBXFileReference; lastKnownFileType = sourcecode.swift; path = UserProfile.swift; sourceTree = "<group>"; };
		EC352C8D2A9C78E70097E837 /* AuthResponse.swift */ = {isa = PBXFileReference; lastKnownFileType = sourcecode.swift; path = AuthResponse.swift; sourceTree = "<group>"; };
		EC352C912A9C80040097E837 /* AlertVC .swift */ = {isa = PBXFileReference; lastKnownFileType = sourcecode.swift; path = "AlertVC .swift"; sourceTree = "<group>"; };
		EC352C932A9DC03E0097E837 /* CustomError.swift */ = {isa = PBXFileReference; lastKnownFileType = sourcecode.swift; path = CustomError.swift; sourceTree = "<group>"; };
		EC352C982A9DCD180097E837 /* Constant.swift */ = {isa = PBXFileReference; lastKnownFileType = sourcecode.swift; path = Constant.swift; sourceTree = "<group>"; };
		EC352C9A2A9DD2390097E837 /* ProfileVC.swift */ = {isa = PBXFileReference; lastKnownFileType = sourcecode.swift; path = ProfileVC.swift; sourceTree = "<group>"; };
		EC352C9C2A9E38490097E837 /* SettingsModel.swift */ = {isa = PBXFileReference; lastKnownFileType = sourcecode.swift; path = SettingsModel.swift; sourceTree = "<group>"; };
		EC352CA02A9E6EEF0097E837 /* TitleLabel.swift */ = {isa = PBXFileReference; lastKnownFileType = sourcecode.swift; path = TitleLabel.swift; sourceTree = "<group>"; };
		EC352CA22A9E6F360097E837 /* BodyLabel.swift */ = {isa = PBXFileReference; lastKnownFileType = sourcecode.swift; path = BodyLabel.swift; sourceTree = "<group>"; };
		EC352CA72A9F44880097E837 /* NewReleasesResponse.swift */ = {isa = PBXFileReference; lastKnownFileType = sourcecode.swift; path = NewReleasesResponse.swift; sourceTree = "<group>"; };
		EC352CA92A9F73D70097E837 /* FeaturedPlaylistsResponse.swift */ = {isa = PBXFileReference; lastKnownFileType = sourcecode.swift; path = FeaturedPlaylistsResponse.swift; sourceTree = "<group>"; };
		EC352CAB2A9F84820097E837 /* RecommendedGenresResponse.swift */ = {isa = PBXFileReference; lastKnownFileType = sourcecode.swift; path = RecommendedGenresResponse.swift; sourceTree = "<group>"; };
		EC352CAD2A9F8EF50097E837 /* RecommendationsResponse.swift */ = {isa = PBXFileReference; lastKnownFileType = sourcecode.swift; path = RecommendationsResponse.swift; sourceTree = "<group>"; };
		EC352CB22A9FD18A0097E837 /* animation_lly4ylod.json */ = {isa = PBXFileReference; fileEncoding = 4; lastKnownFileType = text.json; path = animation_lly4ylod.json; sourceTree = "<group>"; };
		EC5F90A72AA09956009B2BF2 /* NewReleasesCollectionViewCell.swift */ = {isa = PBXFileReference; lastKnownFileType = sourcecode.swift; path = NewReleasesCollectionViewCell.swift; sourceTree = "<group>"; };
		EC5F90A92AA09D45009B2BF2 /* FeaturedPlaylistCollectionViewCell.swift */ = {isa = PBXFileReference; lastKnownFileType = sourcecode.swift; path = FeaturedPlaylistCollectionViewCell.swift; sourceTree = "<group>"; };
		EC5F90AB2AA09D4E009B2BF2 /* RecommendedTrackCollectionViewCell.swift */ = {isa = PBXFileReference; lastKnownFileType = sourcecode.swift; path = RecommendedTrackCollectionViewCell.swift; sourceTree = "<group>"; };
		EC5F90AD2AA0B2FC009B2BF2 /* NewReleasesCellViewModel.swift */ = {isa = PBXFileReference; lastKnownFileType = sourcecode.swift; path = NewReleasesCellViewModel.swift; sourceTree = "<group>"; };
		EC5F91072AA27983009B2BF2 /* FeaturedPlaylistCellViewModel.swift */ = {isa = PBXFileReference; lastKnownFileType = sourcecode.swift; path = FeaturedPlaylistCellViewModel.swift; sourceTree = "<group>"; };
		EC5F91092AA31272009B2BF2 /* RecommendedTrackCellViewModel.swift */ = {isa = PBXFileReference; lastKnownFileType = sourcecode.swift; path = RecommendedTrackCellViewModel.swift; sourceTree = "<group>"; };
		EC5F910B2AA31A50009B2BF2 /* UIHelper.swift */ = {isa = PBXFileReference; lastKnownFileType = sourcecode.swift; path = UIHelper.swift; sourceTree = "<group>"; };
		EC5F910E2AA3DACD009B2BF2 /* UIView+Ext.swift */ = {isa = PBXFileReference; lastKnownFileType = sourcecode.swift; path = "UIView+Ext.swift"; sourceTree = "<group>"; };
		EC5F91102AA9A2D5009B2BF2 /* Album.swift */ = {isa = PBXFileReference; lastKnownFileType = sourcecode.swift; path = Album.swift; sourceTree = "<group>"; };
		EC5F91122AA9A32B009B2BF2 /* AlbumVC.swift */ = {isa = PBXFileReference; lastKnownFileType = sourcecode.swift; path = AlbumVC.swift; sourceTree = "<group>"; };
		EC5F91142AA9C78D009B2BF2 /* AlbumDetailsResponse.swift */ = {isa = PBXFileReference; lastKnownFileType = sourcecode.swift; path = AlbumDetailsResponse.swift; sourceTree = "<group>"; };
		EC5F91192AAA1FC8009B2BF2 /* PlaylistDetailsResponse.swift */ = {isa = PBXFileReference; lastKnownFileType = sourcecode.swift; path = PlaylistDetailsResponse.swift; sourceTree = "<group>"; };
		EC5F911B2AAB45BB009B2BF2 /* PlaylistHeaderCollectionReusableView.swift */ = {isa = PBXFileReference; lastKnownFileType = sourcecode.swift; path = PlaylistHeaderCollectionReusableView.swift; sourceTree = "<group>"; };
		EC5F911D2AAB6A22009B2BF2 /* PlaylistHeaderViewViewModel.swift */ = {isa = PBXFileReference; lastKnownFileType = sourcecode.swift; path = PlaylistHeaderViewViewModel.swift; sourceTree = "<group>"; };
		EC5F911F2AAC4A27009B2BF2 /* TitleHeaderCollectionReusableView.swift */ = {isa = PBXFileReference; lastKnownFileType = sourcecode.swift; path = TitleHeaderCollectionReusableView.swift; sourceTree = "<group>"; };
/* End PBXFileReference section */

/* Begin PBXFrameworksBuildPhase section */
		EC352C462A9B6E790097E837 /* Frameworks */ = {
			isa = PBXFrameworksBuildPhase;
			buildActionMask = 2147483647;
			files = (
				EC352CA62A9E9D620097E837 /* Kingfisher in Frameworks */,
				EC5F91182AAA033B009B2BF2 /* IQKeyboardManagerSwift in Frameworks */,
				EC352C8C2A9BBC6C0097E837 /* SnapKit in Frameworks */,
				EC352CB12A9FC5A80097E837 /* Lottie in Frameworks */,
			);
			runOnlyForDeploymentPostprocessing = 0;
		};
/* End PBXFrameworksBuildPhase section */

/* Begin PBXGroup section */
		EC352C402A9B6E790097E837 = {
			isa = PBXGroup;
			children = (
				EC352C4B2A9B6E790097E837 /* Spotify */,
				EC352C4A2A9B6E790097E837 /* Products */,
			);
			sourceTree = "<group>";
		};
		EC352C4A2A9B6E790097E837 /* Products */ = {
			isa = PBXGroup;
			children = (
				EC352C492A9B6E790097E837 /* Spotify.app */,
			);
			name = Products;
			sourceTree = "<group>";
		};
		EC352C4B2A9B6E790097E837 /* Spotify */ = {
			isa = PBXGroup;
			children = (
				EC352C662A9B6F150097E837 /* Support */,
				EC352C8F2A9C7FE70097E837 /* Utils */,
				EC352C652A9B6F0B0097E837 /* Managers */,
				EC352C642A9B6F060097E837 /* ViewModels */,
				EC352C632A9B6EED0097E837 /* Models */,
				EC352C622A9B6EDA0097E837 /* Views */,
				EC352C602A9B6EB50097E837 /* Controllers */,
				EC352C5A2A9B6E7A0097E837 /* Info.plist */,
			);
			path = Spotify;
			sourceTree = "<group>";
		};
		EC352C602A9B6EB50097E837 /* Controllers */ = {
			isa = PBXGroup;
			children = (
				EC352C6F2A9B83D00097E837 /* Other */,
				EC352C6A2A9B72C60097E837 /* Core */,
				EC352C672A9B71FA0097E837 /* TabBar */,
			);
			path = Controllers;
			sourceTree = "<group>";
		};
		EC352C622A9B6EDA0097E837 /* Views */ = {
			isa = PBXGroup;
			children = (
				EC5F911B2AAB45BB009B2BF2 /* PlaylistHeaderCollectionReusableView.swift */,
				EC5F911F2AAC4A27009B2BF2 /* TitleHeaderCollectionReusableView.swift */,
				EC5F90A62AA0992F009B2BF2 /* Browse */,
			);
			path = Views;
			sourceTree = "<group>";
		};
		EC352C632A9B6EED0097E837 /* Models */ = {
			isa = PBXGroup;
			children = (
				EC352C822A9B88D80097E837 /* Playlist.swift */,
				EC5F91102AA9A2D5009B2BF2 /* Album.swift */,
				EC352C842A9B88E50097E837 /* AudioTrack.swift */,
				EC352C862A9B88F30097E837 /* Artist.swift */,
				EC352C882A9B89030097E837 /* UserProfile.swift */,
				EC352C8D2A9C78E70097E837 /* AuthResponse.swift */,
				EC352C9C2A9E38490097E837 /* SettingsModel.swift */,
				EC352CA72A9F44880097E837 /* NewReleasesResponse.swift */,
				EC352CA92A9F73D70097E837 /* FeaturedPlaylistsResponse.swift */,
				EC352CAB2A9F84820097E837 /* RecommendedGenresResponse.swift */,
				EC352CAD2A9F8EF50097E837 /* RecommendationsResponse.swift */,
				EC5F91142AA9C78D009B2BF2 /* AlbumDetailsResponse.swift */,
				EC5F91192AAA1FC8009B2BF2 /* PlaylistDetailsResponse.swift */,
			);
			path = Models;
			sourceTree = "<group>";
		};
		EC352C642A9B6F060097E837 /* ViewModels */ = {
			isa = PBXGroup;
			children = (
				EC5F90AD2AA0B2FC009B2BF2 /* NewReleasesCellViewModel.swift */,
				EC5F91072AA27983009B2BF2 /* FeaturedPlaylistCellViewModel.swift */,
				EC5F91092AA31272009B2BF2 /* RecommendedTrackCellViewModel.swift */,
				EC5F911D2AAB6A22009B2BF2 /* PlaylistHeaderViewViewModel.swift */,
			);
			path = ViewModels;
			sourceTree = "<group>";
		};
		EC352C652A9B6F0B0097E837 /* Managers */ = {
			isa = PBXGroup;
			children = (
				EC352C7C2A9B889B0097E837 /* AuthManager.swift */,
				EC352C7E2A9B88A20097E837 /* APICaller.swift */,
				EC352C802A9B88B60097E837 /* HapticsManager.swift */,
			);
			path = Managers;
			sourceTree = "<group>";
		};
		EC352C662A9B6F150097E837 /* Support */ = {
			isa = PBXGroup;
			children = (
				EC352C4C2A9B6E790097E837 /* AppDelegate.swift */,
				EC352C4E2A9B6E790097E837 /* SceneDelegate.swift */,
				EC352C552A9B6E7A0097E837 /* Assets.xcassets */,
				EC352CB22A9FD18A0097E837 /* animation_lly4ylod.json */,
				EC352C572A9B6E7A0097E837 /* LaunchScreen.storyboard */,
			);
			path = Support;
			sourceTree = "<group>";
		};
		EC352C672A9B71FA0097E837 /* TabBar */ = {
			isa = PBXGroup;
			children = (
				EC352C682A9B720D0097E837 /* TabBarVC.swift */,
			);
			path = TabBar;
			sourceTree = "<group>";
		};
		EC352C6A2A9B72C60097E837 /* Core */ = {
			isa = PBXGroup;
			children = (
				EC352C502A9B6E790097E837 /* HomeVC.swift */,
				EC352C6B2A9B72E00097E837 /* SearchVC.swift */,
				EC352C6D2A9B72EA0097E837 /* LibraryVC.swift */,
			);
			path = Core;
			sourceTree = "<group>";
		};
		EC352C6F2A9B83D00097E837 /* Other */ = {
			isa = PBXGroup;
			children = (
				EC352C702A9B83E60097E837 /* AuthVC.swift */,
				EC352C722A9B83F70097E837 /* WelcomeVC.swift */,
				EC352C742A9B84330097E837 /* SettingsVC.swift */,
				EC352C9A2A9DD2390097E837 /* ProfileVC.swift */,
				EC352C762A9B86AB0097E837 /* PlayerVC.swift */,
				EC352C782A9B86BB0097E837 /* PlaylistVC.swift */,
				EC352C7A2A9B86DD0097E837 /* SearchResultVC.swift */,
				EC5F91122AA9A32B009B2BF2 /* AlbumVC.swift */,
			);
			path = Other;
			sourceTree = "<group>";
		};
		EC352C8F2A9C7FE70097E837 /* Utils */ = {
			isa = PBXGroup;
			children = (
				EC5F910D2AA31A88009B2BF2 /* Helpers */,
				EC352C9E2A9E6ED50097E837 /* Component */,
				EC352C902A9C7FEE0097E837 /* Extensions */,
			);
			path = Utils;
			sourceTree = "<group>";
		};
		EC352C902A9C7FEE0097E837 /* Extensions */ = {
			isa = PBXGroup;
			children = (
				EC352C982A9DCD180097E837 /* Constant.swift */,
				EC352C912A9C80040097E837 /* AlertVC .swift */,
				EC352C932A9DC03E0097E837 /* CustomError.swift */,
				EC5F910E2AA3DACD009B2BF2 /* UIView+Ext.swift */,
			);
			path = Extensions;
			sourceTree = "<group>";
		};
		EC352C9E2A9E6ED50097E837 /* Component */ = {
			isa = PBXGroup;
			children = (
				EC352C9F2A9E6EDB0097E837 /* Label */,
			);
			path = Component;
			sourceTree = "<group>";
		};
		EC352C9F2A9E6EDB0097E837 /* Label */ = {
			isa = PBXGroup;
			children = (
				EC352CA02A9E6EEF0097E837 /* TitleLabel.swift */,
				EC352CA22A9E6F360097E837 /* BodyLabel.swift */,
			);
			path = Label;
			sourceTree = "<group>";
		};
		EC5F90A62AA0992F009B2BF2 /* Browse */ = {
			isa = PBXGroup;
			children = (
				EC5F90A72AA09956009B2BF2 /* NewReleasesCollectionViewCell.swift */,
				EC5F90A92AA09D45009B2BF2 /* FeaturedPlaylistCollectionViewCell.swift */,
				EC5F90AB2AA09D4E009B2BF2 /* RecommendedTrackCollectionViewCell.swift */,
			);
			path = Browse;
			sourceTree = "<group>";
		};
		EC5F910D2AA31A88009B2BF2 /* Helpers */ = {
			isa = PBXGroup;
			children = (
				EC5F910B2AA31A50009B2BF2 /* UIHelper.swift */,
			);
			path = Helpers;
			sourceTree = "<group>";
		};
/* End PBXGroup section */

/* Begin PBXNativeTarget section */
		EC352C482A9B6E790097E837 /* Spotify */ = {
			isa = PBXNativeTarget;
			buildConfigurationList = EC352C5D2A9B6E7A0097E837 /* Build configuration list for PBXNativeTarget "Spotify" */;
			buildPhases = (
				EC352C452A9B6E790097E837 /* Sources */,
				EC352C462A9B6E790097E837 /* Frameworks */,
				EC352C472A9B6E790097E837 /* Resources */,
			);
			buildRules = (
			);
			dependencies = (
			);
			name = Spotify;
			packageProductDependencies = (
				EC352C8B2A9BBC6C0097E837 /* SnapKit */,
				EC352CA52A9E9D620097E837 /* Kingfisher */,
				EC352CB02A9FC5A80097E837 /* Lottie */,
				EC5F91172AAA033B009B2BF2 /* IQKeyboardManagerSwift */,
			);
			productName = Spotify;
			productReference = EC352C492A9B6E790097E837 /* Spotify.app */;
			productType = "com.apple.product-type.application";
		};
/* End PBXNativeTarget section */

/* Begin PBXProject section */
		EC352C412A9B6E790097E837 /* Project object */ = {
			isa = PBXProject;
			attributes = {
				BuildIndependentTargetsInParallel = 1;
				LastSwiftUpdateCheck = 1410;
				LastUpgradeCheck = 1410;
				TargetAttributes = {
					EC352C482A9B6E790097E837 = {
						CreatedOnToolsVersion = 14.1;
					};
				};
			};
			buildConfigurationList = EC352C442A9B6E790097E837 /* Build configuration list for PBXProject "Spotify" */;
			compatibilityVersion = "Xcode 14.0";
			developmentRegion = en;
			hasScannedForEncodings = 0;
			knownRegions = (
				en,
				Base,
			);
			mainGroup = EC352C402A9B6E790097E837;
			packageReferences = (
				EC352C8A2A9BBC6C0097E837 /* XCRemoteSwiftPackageReference "SnapKit" */,
				EC352CA42A9E9D620097E837 /* XCRemoteSwiftPackageReference "Kingfisher" */,
				EC352CAF2A9FC5A80097E837 /* XCRemoteSwiftPackageReference "lottie-ios" */,
				EC5F91162AAA033B009B2BF2 /* XCRemoteSwiftPackageReference "IQKeyboardManager" */,
			);
			productRefGroup = EC352C4A2A9B6E790097E837 /* Products */;
			projectDirPath = "";
			projectRoot = "";
			targets = (
				EC352C482A9B6E790097E837 /* Spotify */,
			);
		};
/* End PBXProject section */

/* Begin PBXResourcesBuildPhase section */
		EC352C472A9B6E790097E837 /* Resources */ = {
			isa = PBXResourcesBuildPhase;
			buildActionMask = 2147483647;
			files = (
				EC352CB32A9FD18A0097E837 /* animation_lly4ylod.json in Resources */,
				EC352C592A9B6E7A0097E837 /* LaunchScreen.storyboard in Resources */,
				EC352C562A9B6E7A0097E837 /* Assets.xcassets in Resources */,
			);
			runOnlyForDeploymentPostprocessing = 0;
		};
/* End PBXResourcesBuildPhase section */

/* Begin PBXSourcesBuildPhase section */
		EC352C452A9B6E790097E837 /* Sources */ = {
			isa = PBXSourcesBuildPhase;
			buildActionMask = 2147483647;
			files = (
				EC352CAE2A9F8EF50097E837 /* RecommendationsResponse.swift in Sources */,
				EC352C512A9B6E790097E837 /* HomeVC.swift in Sources */,
				EC352C6C2A9B72E00097E837 /* SearchVC.swift in Sources */,
				EC352C6E2A9B72EA0097E837 /* LibraryVC.swift in Sources */,
				EC352CA12A9E6EEF0097E837 /* TitleLabel.swift in Sources */,
				EC352C812A9B88B60097E837 /* HapticsManager.swift in Sources */,
				EC352C7F2A9B88A20097E837 /* APICaller.swift in Sources */,
				EC5F90AE2AA0B2FC009B2BF2 /* NewReleasesCellViewModel.swift in Sources */,
				EC5F91082AA27984009B2BF2 /* FeaturedPlaylistCellViewModel.swift in Sources */,
				EC352C7D2A9B889B0097E837 /* AuthManager.swift in Sources */,
				EC352C9D2A9E38490097E837 /* SettingsModel.swift in Sources */,
				EC5F911E2AAB6A22009B2BF2 /* PlaylistHeaderViewViewModel.swift in Sources */,
				EC352C922A9C80040097E837 /* AlertVC .swift in Sources */,
				EC352C942A9DC03E0097E837 /* CustomError.swift in Sources */,
				EC5F90AC2AA09D4E009B2BF2 /* RecommendedTrackCollectionViewCell.swift in Sources */,
				EC352C4D2A9B6E790097E837 /* AppDelegate.swift in Sources */,
				EC5F910C2AA31A50009B2BF2 /* UIHelper.swift in Sources */,
				EC5F91202AAC4A27009B2BF2 /* TitleHeaderCollectionReusableView.swift in Sources */,
				EC352C852A9B88E50097E837 /* AudioTrack.swift in Sources */,
				EC5F911A2AAA1FC8009B2BF2 /* PlaylistDetailsResponse.swift in Sources */,
				EC352C992A9DCD180097E837 /* Constant.swift in Sources */,
				EC352C712A9B83E60097E837 /* AuthVC.swift in Sources */,
				EC5F91152AA9C78D009B2BF2 /* AlbumDetailsResponse.swift in Sources */,
				EC352C9B2A9DD2390097E837 /* ProfileVC.swift in Sources */,
				EC352C692A9B720D0097E837 /* TabBarVC.swift in Sources */,
				EC352C4F2A9B6E790097E837 /* SceneDelegate.swift in Sources */,
				EC352C732A9B83F70097E837 /* WelcomeVC.swift in Sources */,
				EC5F90AA2AA09D45009B2BF2 /* FeaturedPlaylistCollectionViewCell.swift in Sources */,
				EC352CA32A9E6F360097E837 /* BodyLabel.swift in Sources */,
				EC5F91132AA9A32B009B2BF2 /* AlbumVC.swift in Sources */,
				EC352C872A9B88F30097E837 /* Artist.swift in Sources */,
				EC352C832A9B88D80097E837 /* Playlist.swift in Sources */,
				EC352CA82A9F44880097E837 /* NewReleasesResponse.swift in Sources */,
				EC352C892A9B89030097E837 /* UserProfile.swift in Sources */,
				EC352C752A9B84330097E837 /* SettingsVC.swift in Sources */,
				EC352CAA2A9F73D70097E837 /* FeaturedPlaylistsResponse.swift in Sources */,
				EC5F910A2AA31272009B2BF2 /* RecommendedTrackCellViewModel.swift in Sources */,
				EC352C7B2A9B86DD0097E837 /* SearchResultVC.swift in Sources */,
				EC5F90A82AA09956009B2BF2 /* NewReleasesCollectionViewCell.swift in Sources */,
				EC352CAC2A9F84820097E837 /* RecommendedGenresResponse.swift in Sources */,
				EC5F910F2AA3DACD009B2BF2 /* UIView+Ext.swift in Sources */,
				EC352C772A9B86AB0097E837 /* PlayerVC.swift in Sources */,
				EC352C8E2A9C78E70097E837 /* AuthResponse.swift in Sources */,
				EC352C792A9B86BB0097E837 /* PlaylistVC.swift in Sources */,
				EC5F911C2AAB45BB009B2BF2 /* PlaylistHeaderCollectionReusableView.swift in Sources */,
				EC5F91112AA9A2D5009B2BF2 /* Album.swift in Sources */,
			);
			runOnlyForDeploymentPostprocessing = 0;
		};
/* End PBXSourcesBuildPhase section */

/* Begin PBXVariantGroup section */
		EC352C572A9B6E7A0097E837 /* LaunchScreen.storyboard */ = {
			isa = PBXVariantGroup;
			children = (
				EC352C582A9B6E7A0097E837 /* Base */,
			);
			name = LaunchScreen.storyboard;
			sourceTree = "<group>";
		};
/* End PBXVariantGroup section */

/* Begin XCBuildConfiguration section */
		EC352C5B2A9B6E7A0097E837 /* Debug */ = {
			isa = XCBuildConfiguration;
			buildSettings = {
				ALWAYS_SEARCH_USER_PATHS = NO;
				CLANG_ANALYZER_NONNULL = YES;
				CLANG_ANALYZER_NUMBER_OBJECT_CONVERSION = YES_AGGRESSIVE;
				CLANG_CXX_LANGUAGE_STANDARD = "gnu++20";
				CLANG_ENABLE_MODULES = YES;
				CLANG_ENABLE_OBJC_ARC = YES;
				CLANG_ENABLE_OBJC_WEAK = YES;
				CLANG_WARN_BLOCK_CAPTURE_AUTORELEASING = YES;
				CLANG_WARN_BOOL_CONVERSION = YES;
				CLANG_WARN_COMMA = YES;
				CLANG_WARN_CONSTANT_CONVERSION = YES;
				CLANG_WARN_DEPRECATED_OBJC_IMPLEMENTATIONS = YES;
				CLANG_WARN_DIRECT_OBJC_ISA_USAGE = YES_ERROR;
				CLANG_WARN_DOCUMENTATION_COMMENTS = YES;
				CLANG_WARN_EMPTY_BODY = YES;
				CLANG_WARN_ENUM_CONVERSION = YES;
				CLANG_WARN_INFINITE_RECURSION = YES;
				CLANG_WARN_INT_CONVERSION = YES;
				CLANG_WARN_NON_LITERAL_NULL_CONVERSION = YES;
				CLANG_WARN_OBJC_IMPLICIT_RETAIN_SELF = YES;
				CLANG_WARN_OBJC_LITERAL_CONVERSION = YES;
				CLANG_WARN_OBJC_ROOT_CLASS = YES_ERROR;
				CLANG_WARN_QUOTED_INCLUDE_IN_FRAMEWORK_HEADER = YES;
				CLANG_WARN_RANGE_LOOP_ANALYSIS = YES;
				CLANG_WARN_STRICT_PROTOTYPES = YES;
				CLANG_WARN_SUSPICIOUS_MOVE = YES;
				CLANG_WARN_UNGUARDED_AVAILABILITY = YES_AGGRESSIVE;
				CLANG_WARN_UNREACHABLE_CODE = YES;
				CLANG_WARN__DUPLICATE_METHOD_MATCH = YES;
				COPY_PHASE_STRIP = NO;
				DEBUG_INFORMATION_FORMAT = dwarf;
				ENABLE_STRICT_OBJC_MSGSEND = YES;
				ENABLE_TESTABILITY = YES;
				GCC_C_LANGUAGE_STANDARD = gnu11;
				GCC_DYNAMIC_NO_PIC = NO;
				GCC_NO_COMMON_BLOCKS = YES;
				GCC_OPTIMIZATION_LEVEL = 0;
				GCC_PREPROCESSOR_DEFINITIONS = (
					"DEBUG=1",
					"$(inherited)",
				);
				GCC_WARN_64_TO_32_BIT_CONVERSION = YES;
				GCC_WARN_ABOUT_RETURN_TYPE = YES_ERROR;
				GCC_WARN_UNDECLARED_SELECTOR = YES;
				GCC_WARN_UNINITIALIZED_AUTOS = YES_AGGRESSIVE;
				GCC_WARN_UNUSED_FUNCTION = YES;
				GCC_WARN_UNUSED_VARIABLE = YES;
				IPHONEOS_DEPLOYMENT_TARGET = 15.0;
				MTL_ENABLE_DEBUG_INFO = INCLUDE_SOURCE;
				MTL_FAST_MATH = YES;
				ONLY_ACTIVE_ARCH = YES;
				SDKROOT = iphoneos;
				SWIFT_ACTIVE_COMPILATION_CONDITIONS = DEBUG;
				SWIFT_OPTIMIZATION_LEVEL = "-Onone";
			};
			name = Debug;
		};
		EC352C5C2A9B6E7A0097E837 /* Release */ = {
			isa = XCBuildConfiguration;
			buildSettings = {
				ALWAYS_SEARCH_USER_PATHS = NO;
				CLANG_ANALYZER_NONNULL = YES;
				CLANG_ANALYZER_NUMBER_OBJECT_CONVERSION = YES_AGGRESSIVE;
				CLANG_CXX_LANGUAGE_STANDARD = "gnu++20";
				CLANG_ENABLE_MODULES = YES;
				CLANG_ENABLE_OBJC_ARC = YES;
				CLANG_ENABLE_OBJC_WEAK = YES;
				CLANG_WARN_BLOCK_CAPTURE_AUTORELEASING = YES;
				CLANG_WARN_BOOL_CONVERSION = YES;
				CLANG_WARN_COMMA = YES;
				CLANG_WARN_CONSTANT_CONVERSION = YES;
				CLANG_WARN_DEPRECATED_OBJC_IMPLEMENTATIONS = YES;
				CLANG_WARN_DIRECT_OBJC_ISA_USAGE = YES_ERROR;
				CLANG_WARN_DOCUMENTATION_COMMENTS = YES;
				CLANG_WARN_EMPTY_BODY = YES;
				CLANG_WARN_ENUM_CONVERSION = YES;
				CLANG_WARN_INFINITE_RECURSION = YES;
				CLANG_WARN_INT_CONVERSION = YES;
				CLANG_WARN_NON_LITERAL_NULL_CONVERSION = YES;
				CLANG_WARN_OBJC_IMPLICIT_RETAIN_SELF = YES;
				CLANG_WARN_OBJC_LITERAL_CONVERSION = YES;
				CLANG_WARN_OBJC_ROOT_CLASS = YES_ERROR;
				CLANG_WARN_QUOTED_INCLUDE_IN_FRAMEWORK_HEADER = YES;
				CLANG_WARN_RANGE_LOOP_ANALYSIS = YES;
				CLANG_WARN_STRICT_PROTOTYPES = YES;
				CLANG_WARN_SUSPICIOUS_MOVE = YES;
				CLANG_WARN_UNGUARDED_AVAILABILITY = YES_AGGRESSIVE;
				CLANG_WARN_UNREACHABLE_CODE = YES;
				CLANG_WARN__DUPLICATE_METHOD_MATCH = YES;
				COPY_PHASE_STRIP = NO;
				DEBUG_INFORMATION_FORMAT = "dwarf-with-dsym";
				ENABLE_NS_ASSERTIONS = NO;
				ENABLE_STRICT_OBJC_MSGSEND = YES;
				GCC_C_LANGUAGE_STANDARD = gnu11;
				GCC_NO_COMMON_BLOCKS = YES;
				GCC_WARN_64_TO_32_BIT_CONVERSION = YES;
				GCC_WARN_ABOUT_RETURN_TYPE = YES_ERROR;
				GCC_WARN_UNDECLARED_SELECTOR = YES;
				GCC_WARN_UNINITIALIZED_AUTOS = YES_AGGRESSIVE;
				GCC_WARN_UNUSED_FUNCTION = YES;
				GCC_WARN_UNUSED_VARIABLE = YES;
				IPHONEOS_DEPLOYMENT_TARGET = 15.0;
				MTL_ENABLE_DEBUG_INFO = NO;
				MTL_FAST_MATH = YES;
				SDKROOT = iphoneos;
				SWIFT_COMPILATION_MODE = wholemodule;
				SWIFT_OPTIMIZATION_LEVEL = "-O";
				VALIDATE_PRODUCT = YES;
			};
			name = Release;
		};
		EC352C5E2A9B6E7A0097E837 /* Debug */ = {
			isa = XCBuildConfiguration;
			buildSettings = {
				ASSETCATALOG_COMPILER_APPICON_NAME = AppIcon;
				ASSETCATALOG_COMPILER_GLOBAL_ACCENT_COLOR_NAME = AccentColor;
				CODE_SIGN_STYLE = Automatic;
				CURRENT_PROJECT_VERSION = 1;
				DEVELOPMENT_TEAM = 3KRQW7JR73;
				GENERATE_INFOPLIST_FILE = YES;
				INFOPLIST_FILE = Spotify/Info.plist;
				INFOPLIST_KEY_UIApplicationSupportsIndirectInputEvents = YES;
				INFOPLIST_KEY_UILaunchStoryboardName = LaunchScreen;
				INFOPLIST_KEY_UISupportedInterfaceOrientations_iPad = "UIInterfaceOrientationPortrait UIInterfaceOrientationPortraitUpsideDown UIInterfaceOrientationLandscapeLeft UIInterfaceOrientationLandscapeRight";
				INFOPLIST_KEY_UISupportedInterfaceOrientations_iPhone = "UIInterfaceOrientationPortrait UIInterfaceOrientationLandscapeLeft UIInterfaceOrientationLandscapeRight";
				LD_RUNPATH_SEARCH_PATHS = (
					"$(inherited)",
					"@executable_path/Frameworks",
				);
				MARKETING_VERSION = 1.0;
				PRODUCT_BUNDLE_IDENTIFIER = enes.Spotify;
				PRODUCT_NAME = "$(TARGET_NAME)";
				SUPPORTED_PLATFORMS = "iphoneos iphonesimulator";
				SUPPORTS_MACCATALYST = NO;
				SUPPORTS_MAC_DESIGNED_FOR_IPHONE_IPAD = NO;
				SWIFT_EMIT_LOC_STRINGS = YES;
				SWIFT_VERSION = 5.0;
				TARGETED_DEVICE_FAMILY = "1,2";
			};
			name = Debug;
		};
		EC352C5F2A9B6E7A0097E837 /* Release */ = {
			isa = XCBuildConfiguration;
			buildSettings = {
				ASSETCATALOG_COMPILER_APPICON_NAME = AppIcon;
				ASSETCATALOG_COMPILER_GLOBAL_ACCENT_COLOR_NAME = AccentColor;
				CODE_SIGN_STYLE = Automatic;
				CURRENT_PROJECT_VERSION = 1;
				DEVELOPMENT_TEAM = 3KRQW7JR73;
				GENERATE_INFOPLIST_FILE = YES;
				INFOPLIST_FILE = Spotify/Info.plist;
				INFOPLIST_KEY_UIApplicationSupportsIndirectInputEvents = YES;
				INFOPLIST_KEY_UILaunchStoryboardName = LaunchScreen;
				INFOPLIST_KEY_UISupportedInterfaceOrientations_iPad = "UIInterfaceOrientationPortrait UIInterfaceOrientationPortraitUpsideDown UIInterfaceOrientationLandscapeLeft UIInterfaceOrientationLandscapeRight";
				INFOPLIST_KEY_UISupportedInterfaceOrientations_iPhone = "UIInterfaceOrientationPortrait UIInterfaceOrientationLandscapeLeft UIInterfaceOrientationLandscapeRight";
				LD_RUNPATH_SEARCH_PATHS = (
					"$(inherited)",
					"@executable_path/Frameworks",
				);
				MARKETING_VERSION = 1.0;
				PRODUCT_BUNDLE_IDENTIFIER = enes.Spotify;
				PRODUCT_NAME = "$(TARGET_NAME)";
				SUPPORTED_PLATFORMS = "iphoneos iphonesimulator";
				SUPPORTS_MACCATALYST = NO;
				SUPPORTS_MAC_DESIGNED_FOR_IPHONE_IPAD = NO;
				SWIFT_EMIT_LOC_STRINGS = YES;
				SWIFT_VERSION = 5.0;
				TARGETED_DEVICE_FAMILY = "1,2";
			};
			name = Release;
		};
/* End XCBuildConfiguration section */

/* Begin XCConfigurationList section */
		EC352C442A9B6E790097E837 /* Build configuration list for PBXProject "Spotify" */ = {
			isa = XCConfigurationList;
			buildConfigurations = (
				EC352C5B2A9B6E7A0097E837 /* Debug */,
				EC352C5C2A9B6E7A0097E837 /* Release */,
			);
			defaultConfigurationIsVisible = 0;
			defaultConfigurationName = Release;
		};
		EC352C5D2A9B6E7A0097E837 /* Build configuration list for PBXNativeTarget "Spotify" */ = {
			isa = XCConfigurationList;
			buildConfigurations = (
				EC352C5E2A9B6E7A0097E837 /* Debug */,
				EC352C5F2A9B6E7A0097E837 /* Release */,
			);
			defaultConfigurationIsVisible = 0;
			defaultConfigurationName = Release;
		};
/* End XCConfigurationList section */

/* Begin XCRemoteSwiftPackageReference section */
		EC352C8A2A9BBC6C0097E837 /* XCRemoteSwiftPackageReference "SnapKit" */ = {
			isa = XCRemoteSwiftPackageReference;
			repositoryURL = "https://github.com/SnapKit/SnapKit.git";
			requirement = {
				kind = upToNextMinorVersion;
				minimumVersion = 5.6.0;
			};
		};
		EC352CA42A9E9D620097E837 /* XCRemoteSwiftPackageReference "Kingfisher" */ = {
			isa = XCRemoteSwiftPackageReference;
			repositoryURL = "https://github.com/onevcat/Kingfisher.git";
			requirement = {
				kind = upToNextMinorVersion;
				minimumVersion = 7.9.0;
			};
		};
		EC352CAF2A9FC5A80097E837 /* XCRemoteSwiftPackageReference "lottie-ios" */ = {
			isa = XCRemoteSwiftPackageReference;
			repositoryURL = "https://github.com/airbnb/lottie-ios.git";
			requirement = {
				kind = upToNextMinorVersion;
				minimumVersion = 4.2.0;
			};
		};
		EC5F91162AAA033B009B2BF2 /* XCRemoteSwiftPackageReference "IQKeyboardManager" */ = {
			isa = XCRemoteSwiftPackageReference;
			repositoryURL = "https://github.com/hackiftekhar/IQKeyboardManager.git";
			requirement = {
				kind = upToNextMinorVersion;
				minimumVersion = 6.5.0;
			};
		};
/* End XCRemoteSwiftPackageReference section */

/* Begin XCSwiftPackageProductDependency section */
		EC352C8B2A9BBC6C0097E837 /* SnapKit */ = {
			isa = XCSwiftPackageProductDependency;
			package = EC352C8A2A9BBC6C0097E837 /* XCRemoteSwiftPackageReference "SnapKit" */;
			productName = SnapKit;
		};
		EC352CA52A9E9D620097E837 /* Kingfisher */ = {
			isa = XCSwiftPackageProductDependency;
			package = EC352CA42A9E9D620097E837 /* XCRemoteSwiftPackageReference "Kingfisher" */;
			productName = Kingfisher;
		};
		EC352CB02A9FC5A80097E837 /* Lottie */ = {
			isa = XCSwiftPackageProductDependency;
			package = EC352CAF2A9FC5A80097E837 /* XCRemoteSwiftPackageReference "lottie-ios" */;
			productName = Lottie;
		};
		EC5F91172AAA033B009B2BF2 /* IQKeyboardManagerSwift */ = {
			isa = XCSwiftPackageProductDependency;
			package = EC5F91162AAA033B009B2BF2 /* XCRemoteSwiftPackageReference "IQKeyboardManager" */;
			productName = IQKeyboardManagerSwift;
		};
/* End XCSwiftPackageProductDependency section */
	};
	rootObject = EC352C412A9B6E790097E837 /* Project object */;
}
